
Microsoft Visual Studio Solution File, Format Version 11.00
# Visual Studio 2010
Project("{2150E333-8FDC-42A3-9474-1A3956D46DE8}") = "2-ServiceLayer", "2-ServiceLayer", "{88614B0B-327C-42E8-95FA-16D351689815}"
	ProjectSection(SolutionItems) = preProject
		web.config = web.config
	EndProjectSection
EndProject
Project("{2150E333-8FDC-42A3-9474-1A3956D46DE8}") = "3-WebLayer", "3-WebLayer", "{1B9CD5B1-3854-4928-9EE3-9CF117C551A2}"
EndProject
Project("{2150E333-8FDC-42A3-9474-1A3956D46DE8}") = "1-DataBaseLayer", "1-DataBaseLayer", "{9782F31A-8D3B-46BF-8F0D-F935F346140F}"
EndProject
Project("{FAE04EC0-301F-11D3-BF4B-00C04F79EFBC}") = "ZYW.Infrastructure", "ZYW.Infrastructure\ZYW.Infrastructure.csproj", "{6A6922D6-ADE2-4ACF-AA49-48E542E0C9EC}"
EndProject
Project("{FAE04EC0-301F-11D3-BF4B-00C04F79EFBC}") = "ZYW.Model", "ZYW.Model\ZYW.Model.csproj", "{4FAA23A4-7F25-4929-93F8-333390684A87}"
EndProject
Project("{FAE04EC0-301F-11D3-BF4B-00C04F79EFBC}") = "ZYW.IRepositorys", "ZYW.IRepositorys\ZYW.IRepositorys.csproj", "{2D901C4A-F6FF-4244-AC03-9EA4C62ABBF1}"
EndProject
Project("{FAE04EC0-301F-11D3-BF4B-00C04F79EFBC}") = "ZYW.Repository", "ZYW.Repository\ZYW.Repository.csproj", "{B7AAC3D7-740B-4AD4-8A7A-1508ECDD8277}"
EndProject
Project("{FAE04EC0-301F-11D3-BF4B-00C04F79EFBC}") = "ZYW.DBContexts", "ZYW.DBContexts\ZYW.DBContexts.csproj", "{4DD6A65A-AAD3-4338-887A-0D0BAF0B6160}"
EndProject
Project("{FAE04EC0-301F-11D3-BF4B-00C04F79EFBC}") = "ZYW.IServices", "ZYW.IServices\ZYW.IServices.csproj", "{16155343-D1DA-449C-B4F9-D35F3B89F6C7}"
EndProject
Project("{FAE04EC0-301F-11D3-BF4B-00C04F79EFBC}") = "ZYW.Services", "ZYW.Services\ZYW.Services.csproj", "{9AF113A6-A6BF-424F-BA98-265B8599A53D}"
EndProject
Project("{FAE04EC0-301F-11D3-BF4B-00C04F79EFBC}") = "ZYW.WebApp", "ZYW.WebApp\ZYW.WebApp.csproj", "{33B25A26-4669-42DF-97E3-956DA5856EFE}"
EndProject
Project("{FAE04EC0-301F-11D3-BF4B-00C04F79EFBC}") = "ZYW.WebApp.Common", "ZYW.WebApp.Common\ZYW.WebApp.Common.csproj", "{D44BBA7E-C7E0-4B2D-997E-E635D3333982}"
EndProject
Project("{2150E333-8FDC-42A3-9474-1A3956D46DE8}") = "4-Test", "4-Test", "{320671D6-0188-4256-A3BB-42A34AE3F873}"
EndProject
Project("{FAE04EC0-301F-11D3-BF4B-00C04F79EFBC}") = "ZYW.Test.RepositoryTest", "ZYW.Test.RepositoryTest\ZYW.Test.RepositoryTest.csproj", "{77BE612F-55E6-4B4B-B87B-A06E1285DA0C}"
EndProject
Project("{2150E333-8FDC-42A3-9474-1A3956D46DE8}") = "Solution Items", "Solution Items", "{20CA96BA-3DF2-4FDC-975D-003E1AF47C28}"
	ProjectSection(SolutionItems) = preProject
		Local.testsettings = Local.testsettings
		MVCSiteSolution.vsmdi = MVCSiteSolution.vsmdi
		TraceAndTestImpact.testsettings = TraceAndTestImpact.testsettings
	EndProjectSection
EndProject
Project("{FAE04EC0-301F-11D3-BF4B-00C04F79EFBC}") = "ZYW.Test.ServiceTest", "ZYW.Test.ServiceTest\ZYW.Test.ServiceTest.csproj", "{E4BCA09D-5623-4B02-8846-BE40B7EA331F}"
EndProject
Project("{2150E333-8FDC-42A3-9474-1A3956D46DE8}") = "5-Document", "5-Document", "{77C61D98-EDD7-4E5B-A056-E4D24F030915}"
EndProject
Project("{F088123C-0E9E-452A-89E6-6BA2F21D5CAC}") = "ZYW._1建模项目", "ZYW._1建模项目\ZYW._1建模项目.modelproj", "{7B27D5C7-05F5-4C78-ABE9-2944F184C688}"
EndProject
Project("{FAE04EC0-301F-11D3-BF4B-00C04F79EFBC}") = "ZYW.TestDocument", "ZYW.TestDocument\ZYW.TestDocument.csproj", "{95DC4FBA-F264-4160-9DB6-BE422EDB5292}"
EndProject
Project("{2150E333-8FDC-42A3-9474-1A3956D46DE8}") = "测试文档", "测试文档", "{314879E9-96FA-475B-86A7-531895EE82ED}"
EndProject
Global
	GlobalSection(TestCaseManagementSettings) = postSolution
		CategoryFile = MVCSiteSolution.vsmdi
	EndGlobalSection
	GlobalSection(SolutionConfigurationPlatforms) = preSolution
		Debug|Any CPU = Debug|Any CPU
		Release|Any CPU = Release|Any CPU
	EndGlobalSection
	GlobalSection(ProjectConfigurationPlatforms) = postSolution
		{6A6922D6-ADE2-4ACF-AA49-48E542E0C9EC}.Debug|Any CPU.ActiveCfg = Debug|Any CPU
		{6A6922D6-ADE2-4ACF-AA49-48E542E0C9EC}.Debug|Any CPU.Build.0 = Debug|Any CPU
		{6A6922D6-ADE2-4ACF-AA49-48E542E0C9EC}.Release|Any CPU.ActiveCfg = Release|Any CPU
		{6A6922D6-ADE2-4ACF-AA49-48E542E0C9EC}.Release|Any CPU.Build.0 = Release|Any CPU
		{4FAA23A4-7F25-4929-93F8-333390684A87}.Debug|Any CPU.ActiveCfg = Debug|Any CPU
		{4FAA23A4-7F25-4929-93F8-333390684A87}.Debug|Any CPU.Build.0 = Debug|Any CPU
		{4FAA23A4-7F25-4929-93F8-333390684A87}.Release|Any CPU.ActiveCfg = Release|Any CPU
		{4FAA23A4-7F25-4929-93F8-333390684A87}.Release|Any CPU.Build.0 = Release|Any CPU
		{2D901C4A-F6FF-4244-AC03-9EA4C62ABBF1}.Debug|Any CPU.ActiveCfg = Debug|Any CPU
		{2D901C4A-F6FF-4244-AC03-9EA4C62ABBF1}.Debug|Any CPU.Build.0 = Debug|Any CPU
		{2D901C4A-F6FF-4244-AC03-9EA4C62ABBF1}.Release|Any CPU.ActiveCfg = Release|Any CPU
		{2D901C4A-F6FF-4244-AC03-9EA4C62ABBF1}.Release|Any CPU.Build.0 = Release|Any CPU
		{B7AAC3D7-740B-4AD4-8A7A-1508ECDD8277}.Debug|Any CPU.ActiveCfg = Debug|Any CPU
		{B7AAC3D7-740B-4AD4-8A7A-1508ECDD8277}.Debug|Any CPU.Build.0 = Debug|Any CPU
		{B7AAC3D7-740B-4AD4-8A7A-1508ECDD8277}.Release|Any CPU.ActiveCfg = Release|Any CPU
		{B7AAC3D7-740B-4AD4-8A7A-1508ECDD8277}.Release|Any CPU.Build.0 = Release|Any CPU
		{4DD6A65A-AAD3-4338-887A-0D0BAF0B6160}.Debug|Any CPU.ActiveCfg = Debug|Any CPU
		{4DD6A65A-AAD3-4338-887A-0D0BAF0B6160}.Debug|Any CPU.Build.0 = Debug|Any CPU
		{4DD6A65A-AAD3-4338-887A-0D0BAF0B6160}.Release|Any CPU.ActiveCfg = Release|Any CPU
		{4DD6A65A-AAD3-4338-887A-0D0BAF0B6160}.Release|Any CPU.Build.0 = Release|Any CPU
		{16155343-D1DA-449C-B4F9-D35F3B89F6C7}.Debug|Any CPU.ActiveCfg = Debug|Any CPU
		{16155343-D1DA-449C-B4F9-D35F3B89F6C7}.Debug|Any CPU.Build.0 = Debug|Any CPU
		{16155343-D1DA-449C-B4F9-D35F3B89F6C7}.Release|Any CPU.ActiveCfg = Release|Any CPU
		{16155343-D1DA-449C-B4F9-D35F3B89F6C7}.Release|Any CPU.Build.0 = Release|Any CPU
		{9AF113A6-A6BF-424F-BA98-265B8599A53D}.Debug|Any CPU.ActiveCfg = Debug|Any CPU
		{9AF113A6-A6BF-424F-BA98-265B8599A53D}.Debug|Any CPU.Build.0 = Debug|Any CPU
		{9AF113A6-A6BF-424F-BA98-265B8599A53D}.Release|Any CPU.ActiveCfg = Release|Any CPU
		{9AF113A6-A6BF-424F-BA98-265B8599A53D}.Release|Any CPU.Build.0 = Release|Any CPU
		{33B25A26-4669-42DF-97E3-956DA5856EFE}.Debug|Any CPU.ActiveCfg = Debug|Any CPU
		{33B25A26-4669-42DF-97E3-956DA5856EFE}.Debug|Any CPU.Build.0 = Debug|Any CPU
		{33B25A26-4669-42DF-97E3-956DA5856EFE}.Release|Any CPU.ActiveCfg = Release|Any CPU
		{33B25A26-4669-42DF-97E3-956DA5856EFE}.Release|Any CPU.Build.0 = Release|Any CPU
		{D44BBA7E-C7E0-4B2D-997E-E635D3333982}.Debug|Any CPU.ActiveCfg = Debug|Any CPU
		{D44BBA7E-C7E0-4B2D-997E-E635D3333982}.Debug|Any CPU.Build.0 = Debug|Any CPU
		{D44BBA7E-C7E0-4B2D-997E-E635D3333982}.Release|Any CPU.ActiveCfg = Release|Any CPU
		{D44BBA7E-C7E0-4B2D-997E-E635D3333982}.Release|Any CPU.Build.0 = Release|Any CPU
		{77BE612F-55E6-4B4B-B87B-A06E1285DA0C}.Debug|Any CPU.ActiveCfg = Debug|Any CPU
		{77BE612F-55E6-4B4B-B87B-A06E1285DA0C}.Debug|Any CPU.Build.0 = Debug|Any CPU
		{77BE612F-55E6-4B4B-B87B-A06E1285DA0C}.Release|Any CPU.ActiveCfg = Release|Any CPU
		{77BE612F-55E6-4B4B-B87B-A06E1285DA0C}.Release|Any CPU.Build.0 = Release|Any CPU
		{E4BCA09D-5623-4B02-8846-BE40B7EA331F}.Debug|Any CPU.ActiveCfg = Debug|Any CPU
		{E4BCA09D-5623-4B02-8846-BE40B7EA331F}.Debug|Any CPU.Build.0 = Debug|Any CPU
		{E4BCA09D-5623-4B02-8846-BE40B7EA331F}.Release|Any CPU.ActiveCfg = Release|Any CPU
		{E4BCA09D-5623-4B02-8846-BE40B7EA331F}.Release|Any CPU.Build.0 = Release|Any CPU
		{7B27D5C7-05F5-4C78-ABE9-2944F184C688}.Debug|Any CPU.ActiveCfg = Debug|Any CPU
		{7B27D5C7-05F5-4C78-ABE9-2944F184C688}.Debug|Any CPU.Build.0 = Debug|Any CPU
		{7B27D5C7-05F5-4C78-ABE9-2944F184C688}.Release|Any CPU.ActiveCfg = Release|Any CPU
		{7B27D5C7-05F5-4C78-ABE9-2944F184C688}.Release|Any CPU.Build.0 = Release|Any CPU
		{95DC4FBA-F264-4160-9DB6-BE422EDB5292}.Debug|Any CPU.ActiveCfg = Debug|Any CPU
		{95DC4FBA-F264-4160-9DB6-BE422EDB5292}.Debug|Any CPU.Build.0 = Debug|Any CPU
		{95DC4FBA-F264-4160-9DB6-BE422EDB5292}.Release|Any CPU.ActiveCfg = Release|Any CPU
		{95DC4FBA-F264-4160-9DB6-BE422EDB5292}.Release|Any CPU.Build.0 = Release|Any CPU
	EndGlobalSection
	GlobalSection(SolutionProperties) = preSolution
		HideSolutionNode = FALSE
	EndGlobalSection
	GlobalSection(NestedProjects) = preSolution
		{16155343-D1DA-449C-B4F9-D35F3B89F6C7} = {88614B0B-327C-42E8-95FA-16D351689815}
		{9AF113A6-A6BF-424F-BA98-265B8599A53D} = {88614B0B-327C-42E8-95FA-16D351689815}
		{33B25A26-4669-42DF-97E3-956DA5856EFE} = {1B9CD5B1-3854-4928-9EE3-9CF117C551A2}
		{D44BBA7E-C7E0-4B2D-997E-E635D3333982} = {1B9CD5B1-3854-4928-9EE3-9CF117C551A2}
		{6A6922D6-ADE2-4ACF-AA49-48E542E0C9EC} = {9782F31A-8D3B-46BF-8F0D-F935F346140F}
		{4FAA23A4-7F25-4929-93F8-333390684A87} = {9782F31A-8D3B-46BF-8F0D-F935F346140F}
		{2D901C4A-F6FF-4244-AC03-9EA4C62ABBF1} = {9782F31A-8D3B-46BF-8F0D-F935F346140F}
		{B7AAC3D7-740B-4AD4-8A7A-1508ECDD8277} = {9782F31A-8D3B-46BF-8F0D-F935F346140F}
		{4DD6A65A-AAD3-4338-887A-0D0BAF0B6160} = {9782F31A-8D3B-46BF-8F0D-F935F346140F}
		{77BE612F-55E6-4B4B-B87B-A06E1285DA0C} = {320671D6-0188-4256-A3BB-42A34AE3F873}
		{20CA96BA-3DF2-4FDC-975D-003E1AF47C28} = {320671D6-0188-4256-A3BB-42A34AE3F873}
		{E4BCA09D-5623-4B02-8846-BE40B7EA331F} = {320671D6-0188-4256-A3BB-42A34AE3F873}
		{95DC4FBA-F264-4160-9DB6-BE422EDB5292} = {320671D6-0188-4256-A3BB-42A34AE3F873}
		{7B27D5C7-05F5-4C78-ABE9-2944F184C688} = {77C61D98-EDD7-4E5B-A056-E4D24F030915}
		{314879E9-96FA-475B-86A7-531895EE82ED} = {77C61D98-EDD7-4E5B-A056-E4D24F030915}
	EndGlobalSection
EndGlobal
